
Microsoft Visual Studio Solution File, Format Version 12.00
# Visual Studio Version 17
VisualStudioVersion = 17.14.36811.4 d17.14
MinimumVisualStudioVersion = 10.0.40219.1
Project("{FAE04EC0-301F-11D3-BF4B-00C04F79EFBC}") = "WpfApp1", "WpfApp1\WpfApp1.csproj", "{B25FDD87-633F-488A-A6C1-8E631A3AF081}"
EndProject
Project("{FAE04EC0-301F-11D3-BF4B-00C04F79EFBC}") = "UnitTestProject1", "UnitTestProject1\UnitTestProject1.csproj", "{328C3884-6F57-4C0E-860E-A25613458A43}"
EndProject
Global
	GlobalSection(SolutionConfigurationPlatforms) = preSolution
		Debug|Any CPU = Debug|Any CPU
		Release|Any CPU = Release|Any CPU
	EndGlobalSection
	GlobalSection(ProjectConfigurationPlatforms) = postSolution
		{B25FDD87-633F-488A-A6C1-8E631A3AF081}.Debug|Any CPU.ActiveCfg = Debug|Any CPU
		{B25FDD87-633F-488A-A6C1-8E631A3AF081}.Debug|Any CPU.Build.0 = Debug|Any CPU
		{B25FDD87-633F-488A-A6C1-8E631A3AF081}.Release|Any CPU.ActiveCfg = Release|Any CPU
		{B25FDD87-633F-488A-A6C1-8E631A3AF081}.Release|Any CPU.Build.0 = Release|Any CPU
		{328C3884-6F57-4C0E-860E-A25613458A43}.Debug|Any CPU.ActiveCfg = Debug|Any CPU
		{328C3884-6F57-4C0E-860E-A25613458A43}.Debug|Any CPU.Build.0 = Debug|Any CPU
		{328C3884-6F57-4C0E-860E-A25613458A43}.Release|Any CPU.ActiveCfg = Release|Any CPU
		{328C3884-6F57-4C0E-860E-A25613458A43}.Release|Any CPU.Build.0 = Release|Any CPU
	EndGlobalSection
	GlobalSection(SolutionProperties) = preSolution
		HideSolutionNode = FALSE
	EndGlobalSection
	GlobalSection(ExtensibilityGlobals) = postSolution
		SolutionGuid = {AC6CF1BA-E866-4482-AC3B-2AC2E7B6BB34}
	EndGlobalSection
EndGlobal
